Microsoft Visual Studio Solution File, Format Version 12.00
# Visual Studio Version 17
VisualStudioVersion = 17.5.2.0
MinimumVisualStudioVersion = 10.0.40219.1
Project("{2150E333-8FDC-42A3-9474-1A3956D46DE8}") = "src", "src", "{827E0CD3-B72D-47B6-A68D-7590B98EB39B}"
EndProject
Project("{2150E333-8FDC-42A3-9474-1A3956D46DE8}") = "test", "test", "{0C88DD14-F956-CE84-757C-A364CCF449FC}"
EndProject
Project("{FAE04EC0-301F-11D3-BF4B-00C04F79EFBC}") = "EventsApiLambda", "src\EventsApiLambda\EventsApiLambda.csproj", "{7B74DDB0-F413-1A7B-8AB9-A573E6C8C560}"
EndProject
Project("{FAE04EC0-301F-11D3-BF4B-00C04F79EFBC}") = "EventsApiLambda.Tests", "test\EventsApiLambda.Tests\EventsApiLambda.Tests.csproj", "{3EC741B2-D287-D1E1-39B0-7201846B76C8}"
EndProject
Global
	GlobalSection(SolutionConfigurationPlatforms) = preSolution
		Debug|Any CPU = Debug|Any CPU
		Release|Any CPU = Release|Any CPU
	EndGlobalSection
	GlobalSection(ProjectConfigurationPlatforms) = postSolution
		{7B74DDB0-F413-1A7B-8AB9-A573E6C8C560}.Debug|Any CPU.ActiveCfg = Debug|Any CPU
		{7B74DDB0-F413-1A7B-8AB9-A573E6C8C560}.Debug|Any CPU.Build.0 = Debug|Any CPU
		{7B74DDB0-F413-1A7B-8AB9-A573E6C8C560}.Release|Any CPU.ActiveCfg = Release|Any CPU
		{7B74DDB0-F413-1A7B-8AB9-A573E6C8C560}.Release|Any CPU.Build.0 = Release|Any CPU
		{3EC741B2-D287-D1E1-39B0-7201846B76C8}.Debug|Any CPU.ActiveCfg = Debug|Any CPU
		{3EC741B2-D287-D1E1-39B0-7201846B76C8}.Debug|Any CPU.Build.0 = Debug|Any CPU
		{3EC741B2-D287-D1E1-39B0-7201846B76C8}.Release|Any CPU.ActiveCfg = Release|Any CPU
		{3EC741B2-D287-D1E1-39B0-7201846B76C8}.Release|Any CPU.Build.0 = Release|Any CPU
	EndGlobalSection
	GlobalSection(SolutionProperties) = preSolution
		HideSolutionNode = FALSE
	EndGlobalSection
	GlobalSection(NestedProjects) = preSolution
		{7B74DDB0-F413-1A7B-8AB9-A573E6C8C560} = {827E0CD3-B72D-47B6-A68D-7590B98EB39B}
		{3EC741B2-D287-D1E1-39B0-7201846B76C8} = {0C88DD14-F956-CE84-757C-A364CCF449FC}
	EndGlobalSection
	GlobalSection(ExtensibilityGlobals) = postSolution
		SolutionGuid = {3B178DB3-ED66-4185-8ED4-9CA50FD18CA9}
	EndGlobalSection
EndGlobal
